
Microsoft Visual Studio Solution File, Format Version 12.00
# Visual Studio Version 18
VisualStudioVersion = 18.3.11520.95 d18.3
MinimumVisualStudioVersion = 10.0.40219.1
Project("{2150E333-8FDC-42A3-9474-1A3956D46DE8}") = "src", "src", "{8BC9CEB8-8B4A-11D0-8D11-00A0C91BC942}"
EndProject
Project("{FAE04EC0-301F-11D3-BF4B-00C04F79EFBC}") = "OmniFlow.Core", "src\OmniFlow.Core\OmniFlow.Core.csproj", "{A1234567-1234-1234-1234-123456789001}"
EndProject
Project("{FAE04EC0-301F-11D3-BF4B-00C04F79EFBC}") = "OmniFlow.Messaging", "src\OmniFlow.Messaging\OmniFlow.Messaging.csproj", "{A1234567-1234-1234-1234-123456789002}"
EndProject
Project("{FAE04EC0-301F-11D3-BF4B-00C04F79EFBC}") = "OmniFlow.Sagas", "src\OmniFlow.Sagas\OmniFlow.Sagas.csproj", "{A1234567-1234-1234-1234-123456789003}"
EndProject
Project("{FAE04EC0-301F-11D3-BF4B-00C04F79EFBC}") = "OmniFlow.Idempotency", "src\OmniFlow.Idempotency\OmniFlow.Idempotency.csproj", "{A1234567-1234-1234-1234-123456789004}"
EndProject
Project("{FAE04EC0-301F-11D3-BF4B-00C04F79EFBC}") = "OmniFlow.Observability", "src\OmniFlow.Observability\OmniFlow.Observability.csproj", "{A1234567-1234-1234-1234-123456789005}"
EndProject
Project("{FAE04EC0-301F-11D3-BF4B-00C04F79EFBC}") = "OmniFlow.Adapters.RabbitMQ", "src\OmniFlow.Adapters.RabbitMQ\OmniFlow.Adapters.RabbitMQ.csproj", "{A1234567-1234-1234-1234-123456789006}"
EndProject
Project("{FAE04EC0-301F-11D3-BF4B-00C04F79EFBC}") = "OmniFlow.Adapters.Sql", "src\OmniFlow.Adapters.Sql\OmniFlow.Adapters.Sql.csproj", "{A1234567-1234-1234-1234-123456789007}"
EndProject
Project("{FAE04EC0-301F-11D3-BF4B-00C04F79EFBC}") = "OmniFlow.Tools.Cli", "src\OmniFlow.Tools.Cli\OmniFlow.Tools.Cli.csproj", "{A1234567-1234-1234-1234-123456789008}"
EndProject
Project("{2150E333-8FDC-42A3-9474-1A3956D46DE8}") = "samples", "samples", "{8BC9CEB8-8B4A-11D0-8D11-00A0C91BC943}"
EndProject
Project("{FAE04EC0-301F-11D3-BF4B-00C04F79EFBC}") = "OrdersService", "samples\OrdersService\OrdersService.csproj", "{A1234567-1234-1234-1234-123456789009}"
EndProject
Project("{FAE04EC0-301F-11D3-BF4B-00C04F79EFBC}") = "PaymentsService", "samples\PaymentsService\PaymentsService.csproj", "{A1234567-1234-1234-1234-123456789010}"
EndProject
Project("{2150E333-8FDC-42A3-9474-1A3956D46DE8}") = "tests", "tests", "{8BC9CEB8-8B4A-11D0-8D11-00A0C91BC944}"
EndProject
Project("{FAE04EC0-301F-11D3-BF4B-00C04F79EFBC}") = "OmniFlow.Tests", "tests\OmniFlow.Tests\OmniFlow.Tests.csproj", "{A1234567-1234-1234-1234-123456789011}"
EndProject
Project("{FAE04EC0-301F-11D3-BF4B-00C04F79EFBC}") = "OmniFlow.Adapters.MongoDb", "src\OmniFlow.Adapters.MongoDb\OmniFlow.Adapters.MongoDb.csproj", "{406EDAEF-822A-4B25-9E03-79A097BD1A24}"
EndProject
Project("{FAE04EC0-301F-11D3-BF4B-00C04F79EFBC}") = "OmniFlow.Adapters.Kafka", "src\OmniFlow.Adapters.Kafka\OmniFlow.Adapters.Kafka.csproj", "{9909D537-A8E0-473D-A856-D5BDB7E6C6C5}"
EndProject
Project("{FAE04EC0-301F-11D3-BF4B-00C04F79EFBC}") = "OmniFlow.Adapters.ServiceBus", "src\OmniFlow.Adapters.ServiceBus\OmniFlow.Adapters.ServiceBus.csproj", "{94CB1213-CB29-3A86-1571-511A6D115058}"
EndProject
Project("{2150E333-8FDC-42A3-9474-1A3956D46DE8}") = "Solution Items", "Solution Items", "{CE453D38-B378-4862-865E-550A939C66BC}"
	ProjectSection(SolutionItems) = preProject
		README.md = README.md
	EndProjectSection
EndProject
Global
	GlobalSection(SolutionConfigurationPlatforms) = preSolution
		Debug|Any CPU = Debug|Any CPU
		Debug|x64 = Debug|x64
		Debug|x86 = Debug|x86
		Release|Any CPU = Release|Any CPU
		Release|x64 = Release|x64
		Release|x86 = Release|x86
	EndGlobalSection
	GlobalSection(ProjectConfigurationPlatforms) = postSolution
		{A1234567-1234-1234-1234-123456789001}.Debug|Any CPU.ActiveCfg = Debug|Any CPU
		{A1234567-1234-1234-1234-123456789001}.Debug|Any CPU.Build.0 = Debug|Any CPU
		{A1234567-1234-1234-1234-123456789001}.Debug|x64.ActiveCfg = Debug|Any CPU
		{A1234567-1234-1234-1234-123456789001}.Debug|x64.Build.0 = Debug|Any CPU
		{A1234567-1234-1234-1234-123456789001}.Debug|x86.ActiveCfg = Debug|Any CPU
		{A1234567-1234-1234-1234-123456789001}.Debug|x86.Build.0 = Debug|Any CPU
		{A1234567-1234-1234-1234-123456789001}.Release|Any CPU.ActiveCfg = Release|Any CPU
		{A1234567-1234-1234-1234-123456789001}.Release|Any CPU.Build.0 = Release|Any CPU
		{A1234567-1234-1234-1234-123456789001}.Release|x64.ActiveCfg = Release|Any CPU
		{A1234567-1234-1234-1234-123456789001}.Release|x64.Build.0 = Release|Any CPU
		{A1234567-1234-1234-1234-123456789001}.Release|x86.ActiveCfg = Release|Any CPU
		{A1234567-1234-1234-1234-123456789001}.Release|x86.Build.0 = Release|Any CPU
		{A1234567-1234-1234-1234-123456789002}.Debug|Any CPU.ActiveCfg = Debug|Any CPU
		{A1234567-1234-1234-1234-123456789002}.Debug|Any CPU.Build.0 = Debug|Any CPU
		{A1234567-1234-1234-1234-123456789002}.Debug|x64.ActiveCfg = Debug|Any CPU
		{A1234567-1234-1234-1234-123456789002}.Debug|x64.Build.0 = Debug|Any CPU
		{A1234567-1234-1234-1234-123456789002}.Debug|x86.ActiveCfg = Debug|Any CPU
		{A1234567-1234-1234-1234-123456789002}.Debug|x86.Build.0 = Debug|Any CPU
		{A1234567-1234-1234-1234-123456789002}.Release|Any CPU.ActiveCfg = Release|Any CPU
		{A1234567-1234-1234-1234-123456789002}.Release|Any CPU.Build.0 = Release|Any CPU
		{A1234567-1234-1234-1234-123456789002}.Release|x64.ActiveCfg = Release|Any CPU
		{A1234567-1234-1234-1234-123456789002}.Release|x64.Build.0 = Release|Any CPU
		{A1234567-1234-1234-1234-123456789002}.Release|x86.ActiveCfg = Release|Any CPU
		{A1234567-1234-1234-1234-123456789002}.Release|x86.Build.0 = Release|Any CPU
		{A1234567-1234-1234-1234-123456789003}.Debug|Any CPU.ActiveCfg = Debug|Any CPU
		{A1234567-1234-1234-1234-123456789003}.Debug|Any CPU.Build.0 = Debug|Any CPU
		{A1234567-1234-1234-1234-123456789003}.Debug|x64.ActiveCfg = Debug|Any CPU
		{A1234567-1234-1234-1234-123456789003}.Debug|x64.Build.0 = Debug|Any CPU
		{A1234567-1234-1234-1234-123456789003}.Debug|x86.ActiveCfg = Debug|Any CPU
		{A1234567-1234-1234-1234-123456789003}.Debug|x86.Build.0 = Debug|Any CPU
		{A1234567-1234-1234-1234-123456789003}.Release|Any CPU.ActiveCfg = Release|Any CPU
		{A1234567-1234-1234-1234-123456789003}.Release|Any CPU.Build.0 = Release|Any CPU
		{A1234567-1234-1234-1234-123456789003}.Release|x64.ActiveCfg = Release|Any CPU
		{A1234567-1234-1234-1234-123456789003}.Release|x64.Build.0 = Release|Any CPU
		{A1234567-1234-1234-1234-123456789003}.Release|x86.ActiveCfg = Release|Any CPU
		{A1234567-1234-1234-1234-123456789003}.Release|x86.Build.0 = Release|Any CPU
		{A1234567-1234-1234-1234-123456789004}.Debug|Any CPU.ActiveCfg = Debug|Any CPU
		{A1234567-1234-1234-1234-123456789004}.Debug|Any CPU.Build.0 = Debug|Any CPU
		{A1234567-1234-1234-1234-123456789004}.Debug|x64.ActiveCfg = Debug|Any CPU
		{A1234567-1234-1234-1234-123456789004}.Debug|x64.Build.0 = Debug|Any CPU
		{A1234567-1234-1234-1234-123456789004}.Debug|x86.ActiveCfg = Debug|Any CPU
		{A1234567-1234-1234-1234-123456789004}.Debug|x86.Build.0 = Debug|Any CPU
		{A1234567-1234-1234-1234-123456789004}.Release|Any CPU.ActiveCfg = Release|Any CPU
		{A1234567-1234-1234-1234-123456789004}.Release|Any CPU.Build.0 = Release|Any CPU
		{A1234567-1234-1234-1234-123456789004}.Release|x64.ActiveCfg = Release|Any CPU
		{A1234567-1234-1234-1234-123456789004}.Release|x64.Build.0 = Release|Any CPU
		{A1234567-1234-1234-1234-123456789004}.Release|x86.ActiveCfg = Release|Any CPU
		{A1234567-1234-1234-1234-123456789004}.Release|x86.Build.0 = Release|Any CPU
		{A1234567-1234-1234-1234-123456789005}.Debug|Any CPU.ActiveCfg = Debug|Any CPU
		{A1234567-1234-1234-1234-123456789005}.Debug|Any CPU.Build.0 = Debug|Any CPU
		{A1234567-1234-1234-1234-123456789005}.Debug|x64.ActiveCfg = Debug|Any CPU
		{A1234567-1234-1234-1234-123456789005}.Debug|x64.Build.0 = Debug|Any CPU
		{A1234567-1234-1234-1234-123456789005}.Debug|x86.ActiveCfg = Debug|Any CPU
		{A1234567-1234-1234-1234-123456789005}.Debug|x86.Build.0 = Debug|Any CPU
		{A1234567-1234-1234-1234-123456789005}.Release|Any CPU.ActiveCfg = Release|Any CPU
		{A1234567-1234-1234-1234-123456789005}.Release|Any CPU.Build.0 = Release|Any CPU
		{A1234567-1234-1234-1234-123456789005}.Release|x64.ActiveCfg = Release|Any CPU
		{A1234567-1234-1234-1234-123456789005}.Release|x64.Build.0 = Release|Any CPU
		{A1234567-1234-1234-1234-123456789005}.Release|x86.ActiveCfg = Release|Any CPU
		{A1234567-1234-1234-1234-123456789005}.Release|x86.Build.0 = Release|Any CPU
		{A1234567-1234-1234-1234-123456789006}.Debug|Any CPU.ActiveCfg = Debug|Any CPU
		{A1234567-1234-1234-1234-123456789006}.Debug|Any CPU.Build.0 = Debug|Any CPU
		{A1234567-1234-1234-1234-123456789006}.Debug|x64.ActiveCfg = Debug|Any CPU
		{A1234567-1234-1234-1234-123456789006}.Debug|x64.Build.0 = Debug|Any CPU
		{A1234567-1234-1234-1234-123456789006}.Debug|x86.ActiveCfg = Debug|Any CPU
		{A1234567-1234-1234-1234-123456789006}.Debug|x86.Build.0 = Debug|Any CPU
		{A1234567-1234-1234-1234-123456789006}.Release|Any CPU.ActiveCfg = Release|Any CPU
		{A1234567-1234-1234-1234-123456789006}.Release|Any CPU.Build.0 = Release|Any CPU
		{A1234567-1234-1234-1234-123456789006}.Release|x64.ActiveCfg = Release|Any CPU
		{A1234567-1234-1234-1234-123456789006}.Release|x64.Build.0 = Release|Any CPU
		{A1234567-1234-1234-1234-123456789006}.Release|x86.ActiveCfg = Release|Any CPU
		{A1234567-1234-1234-1234-123456789006}.Release|x86.Build.0 = Release|Any CPU
		{A1234567-1234-1234-1234-123456789007}.Debug|Any CPU.ActiveCfg = Debug|Any CPU
		{A1234567-1234-1234-1234-123456789007}.Debug|Any CPU.Build.0 = Debug|Any CPU
		{A1234567-1234-1234-1234-123456789007}.Debug|x64.ActiveCfg = Debug|Any CPU
		{A1234567-1234-1234-1234-123456789007}.Debug|x64.Build.0 = Debug|Any CPU
		{A1234567-1234-1234-1234-123456789007}.Debug|x86.ActiveCfg = Debug|Any CPU
		{A1234567-1234-1234-1234-123456789007}.Debug|x86.Build.0 = Debug|Any CPU
		{A1234567-1234-1234-1234-123456789007}.Release|Any CPU.ActiveCfg = Release|Any CPU
		{A1234567-1234-1234-1234-123456789007}.Release|Any CPU.Build.0 = Release|Any CPU
		{A1234567-1234-1234-1234-123456789007}.Release|x64.ActiveCfg = Release|Any CPU
		{A1234567-1234-1234-1234-123456789007}.Release|x64.Build.0 = Release|Any CPU
		{A1234567-1234-1234-1234-123456789007}.Release|x86.ActiveCfg = Release|Any CPU
		{A1234567-1234-1234-1234-123456789007}.Release|x86.Build.0 = Release|Any CPU
		{A1234567-1234-1234-1234-123456789008}.Debug|Any CPU.ActiveCfg = Debug|Any CPU
		{A1234567-1234-1234-1234-123456789008}.Debug|Any CPU.Build.0 = Debug|Any CPU
		{A1234567-1234-1234-1234-123456789008}.Debug|x64.ActiveCfg = Debug|Any CPU
		{A1234567-1234-1234-1234-123456789008}.Debug|x64.Build.0 = Debug|Any CPU
		{A1234567-1234-1234-1234-123456789008}.Debug|x86.ActiveCfg = Debug|Any CPU
		{A1234567-1234-1234-1234-123456789008}.Debug|x86.Build.0 = Debug|Any CPU
		{A1234567-1234-1234-1234-123456789008}.Release|Any CPU.ActiveCfg = Release|Any CPU
		{A1234567-1234-1234-1234-123456789008}.Release|Any CPU.Build.0 = Release|Any CPU
		{A1234567-1234-1234-1234-123456789008}.Release|x64.ActiveCfg = Release|Any CPU
		{A1234567-1234-1234-1234-123456789008}.Release|x64.Build.0 = Release|Any CPU
		{A1234567-1234-1234-1234-123456789008}.Release|x86.ActiveCfg = Release|Any CPU
		{A1234567-1234-1234-1234-123456789008}.Release|x86.Build.0 = Release|Any CPU
		{A1234567-1234-1234-1234-123456789009}.Debug|Any CPU.ActiveCfg = Debug|Any CPU
		{A1234567-1234-1234-1234-123456789009}.Debug|Any CPU.Build.0 = Debug|Any CPU
		{A1234567-1234-1234-1234-123456789009}.Debug|x64.ActiveCfg = Debug|Any CPU
		{A1234567-1234-1234-1234-123456789009}.Debug|x64.Build.0 = Debug|Any CPU
		{A1234567-1234-1234-1234-123456789009}.Debug|x86.ActiveCfg = Debug|Any CPU
		{A1234567-1234-1234-1234-123456789009}.Debug|x86.Build.0 = Debug|Any CPU
		{A1234567-1234-1234-1234-123456789009}.Release|Any CPU.ActiveCfg = Release|Any CPU
		{A1234567-1234-1234-1234-123456789009}.Release|Any CPU.Build.0 = Release|Any CPU
		{A1234567-1234-1234-1234-123456789009}.Release|x64.ActiveCfg = Release|Any CPU
		{A1234567-1234-1234-1234-123456789009}.Release|x64.Build.0 = Release|Any CPU
		{A1234567-1234-1234-1234-123456789009}.Release|x86.ActiveCfg = Release|Any CPU
		{A1234567-1234-1234-1234-123456789009}.Release|x86.Build.0 = Release|Any CPU
		{A1234567-1234-1234-1234-123456789010}.Debug|Any CPU.ActiveCfg = Debug|Any CPU
		{A1234567-1234-1234-1234-123456789010}.Debug|Any CPU.Build.0 = Debug|Any CPU
		{A1234567-1234-1234-1234-123456789010}.Debug|x64.ActiveCfg = Debug|Any CPU
		{A1234567-1234-1234-1234-123456789010}.Debug|x64.Build.0 = Debug|Any CPU
		{A1234567-1234-1234-1234-123456789010}.Debug|x86.ActiveCfg = Debug|Any CPU
		{A1234567-1234-1234-1234-123456789010}.Debug|x86.Build.0 = Debug|Any CPU
		{A1234567-1234-1234-1234-123456789010}.Release|Any CPU.ActiveCfg = Release|Any CPU
		{A1234567-1234-1234-1234-123456789010}.Release|Any CPU.Build.0 = Release|Any CPU
		{A1234567-1234-1234-1234-123456789010}.Release|x64.ActiveCfg = Release|Any CPU
		{A1234567-1234-1234-1234-123456789010}.Release|x64.Build.0 = Release|Any CPU
		{A1234567-1234-1234-1234-123456789010}.Release|x86.ActiveCfg = Release|Any CPU
		{A1234567-1234-1234-1234-123456789010}.Release|x86.Build.0 = Release|Any CPU
		{A1234567-1234-1234-1234-123456789011}.Debug|Any CPU.ActiveCfg = Debug|Any CPU
		{A1234567-1234-1234-1234-123456789011}.Debug|Any CPU.Build.0 = Debug|Any CPU
		{A1234567-1234-1234-1234-123456789011}.Debug|x64.ActiveCfg = Debug|Any CPU
		{A1234567-1234-1234-1234-123456789011}.Debug|x64.Build.0 = Debug|Any CPU
		{A1234567-1234-1234-1234-123456789011}.Debug|x86.ActiveCfg = Debug|Any CPU
		{A1234567-1234-1234-1234-123456789011}.Debug|x86.Build.0 = Debug|Any CPU
		{A1234567-1234-1234-1234-123456789011}.Release|Any CPU.ActiveCfg = Release|Any CPU
		{A1234567-1234-1234-1234-123456789011}.Release|Any CPU.Build.0 = Release|Any CPU
		{A1234567-1234-1234-1234-123456789011}.Release|x64.ActiveCfg = Release|Any CPU
		{A1234567-1234-1234-1234-123456789011}.Release|x64.Build.0 = Release|Any CPU
		{A1234567-1234-1234-1234-123456789011}.Release|x86.ActiveCfg = Release|Any CPU
		{A1234567-1234-1234-1234-123456789011}.Release|x86.Build.0 = Release|Any CPU
		{406EDAEF-822A-4B25-9E03-79A097BD1A24}.Debug|Any CPU.ActiveCfg = Debug|Any CPU
		{406EDAEF-822A-4B25-9E03-79A097BD1A24}.Debug|Any CPU.Build.0 = Debug|Any CPU
		{406EDAEF-822A-4B25-9E03-79A097BD1A24}.Debug|x64.ActiveCfg = Debug|Any CPU
		{406EDAEF-822A-4B25-9E03-79A097BD1A24}.Debug|x64.Build.0 = Debug|Any CPU
		{406EDAEF-822A-4B25-9E03-79A097BD1A24}.Debug|x86.ActiveCfg = Debug|Any CPU
		{406EDAEF-822A-4B25-9E03-79A097BD1A24}.Debug|x86.Build.0 = Debug|Any CPU
		{406EDAEF-822A-4B25-9E03-79A097BD1A24}.Release|Any CPU.ActiveCfg = Release|Any CPU
		{406EDAEF-822A-4B25-9E03-79A097BD1A24}.Release|Any CPU.Build.0 = Release|Any CPU
		{406EDAEF-822A-4B25-9E03-79A097BD1A24}.Release|x64.ActiveCfg = Release|Any CPU
		{406EDAEF-822A-4B25-9E03-79A097BD1A24}.Release|x64.Build.0 = Release|Any CPU
		{406EDAEF-822A-4B25-9E03-79A097BD1A24}.Release|x86.ActiveCfg = Release|Any CPU
		{406EDAEF-822A-4B25-9E03-79A097BD1A24}.Release|x86.Build.0 = Release|Any CPU
		{9909D537-A8E0-473D-A856-D5BDB7E6C6C5}.Debug|Any CPU.ActiveCfg = Debug|Any CPU
		{9909D537-A8E0-473D-A856-D5BDB7E6C6C5}.Debug|Any CPU.Build.0 = Debug|Any CPU
		{9909D537-A8E0-473D-A856-D5BDB7E6C6C5}.Debug|x64.ActiveCfg = Debug|Any CPU
		{9909D537-A8E0-473D-A856-D5BDB7E6C6C5}.Debug|x64.Build.0 = Debug|Any CPU
		{9909D537-A8E0-473D-A856-D5BDB7E6C6C5}.Debug|x86.ActiveCfg = Debug|Any CPU
		{9909D537-A8E0-473D-A856-D5BDB7E6C6C5}.Debug|x86.Build.0 = Debug|Any CPU
		{9909D537-A8E0-473D-A856-D5BDB7E6C6C5}.Release|Any CPU.ActiveCfg = Release|Any CPU
		{9909D537-A8E0-473D-A856-D5BDB7E6C6C5}.Release|Any CPU.Build.0 = Release|Any CPU
		{9909D537-A8E0-473D-A856-D5BDB7E6C6C5}.Release|x64.ActiveCfg = Release|Any CPU
		{9909D537-A8E0-473D-A856-D5BDB7E6C6C5}.Release|x64.Build.0 = Release|Any CPU
		{9909D537-A8E0-473D-A856-D5BDB7E6C6C5}.Release|x86.ActiveCfg = Release|Any CPU
		{9909D537-A8E0-473D-A856-D5BDB7E6C6C5}.Release|x86.Build.0 = Release|Any CPU
		{94CB1213-CB29-3A86-1571-511A6D115058}.Debug|Any CPU.ActiveCfg = Debug|Any CPU
		{94CB1213-CB29-3A86-1571-511A6D115058}.Debug|Any CPU.Build.0 = Debug|Any CPU
		{94CB1213-CB29-3A86-1571-511A6D115058}.Debug|x64.ActiveCfg = Debug|Any CPU
		{94CB1213-CB29-3A86-1571-511A6D115058}.Debug|x64.Build.0 = Debug|Any CPU
		{94CB1213-CB29-3A86-1571-511A6D115058}.Debug|x86.ActiveCfg = Debug|Any CPU
		{94CB1213-CB29-3A86-1571-511A6D115058}.Debug|x86.Build.0 = Debug|Any CPU
		{94CB1213-CB29-3A86-1571-511A6D115058}.Release|Any CPU.ActiveCfg = Release|Any CPU
		{94CB1213-CB29-3A86-1571-511A6D115058}.Release|Any CPU.Build.0 = Release|Any CPU
		{94CB1213-CB29-3A86-1571-511A6D115058}.Release|x64.ActiveCfg = Release|Any CPU
		{94CB1213-CB29-3A86-1571-511A6D115058}.Release|x64.Build.0 = Release|Any CPU
		{94CB1213-CB29-3A86-1571-511A6D115058}.Release|x86.ActiveCfg = Release|Any CPU
		{94CB1213-CB29-3A86-1571-511A6D115058}.Release|x86.Build.0 = Release|Any CPU
	EndGlobalSection
	GlobalSection(SolutionProperties) = preSolution
		HideSolutionNode = FALSE
	EndGlobalSection
	GlobalSection(NestedProjects) = preSolution
		{A1234567-1234-1234-1234-123456789001} = {8BC9CEB8-8B4A-11D0-8D11-00A0C91BC942}
		{A1234567-1234-1234-1234-123456789002} = {8BC9CEB8-8B4A-11D0-8D11-00A0C91BC942}
		{A1234567-1234-1234-1234-123456789003} = {8BC9CEB8-8B4A-11D0-8D11-00A0C91BC942}
		{A1234567-1234-1234-1234-123456789004} = {8BC9CEB8-8B4A-11D0-8D11-00A0C91BC942}
		{A1234567-1234-1234-1234-123456789005} = {8BC9CEB8-8B4A-11D0-8D11-00A0C91BC942}
		{A1234567-1234-1234-1234-123456789006} = {8BC9CEB8-8B4A-11D0-8D11-00A0C91BC942}
		{A1234567-1234-1234-1234-123456789007} = {8BC9CEB8-8B4A-11D0-8D11-00A0C91BC942}
		{A1234567-1234-1234-1234-123456789008} = {8BC9CEB8-8B4A-11D0-8D11-00A0C91BC942}
		{A1234567-1234-1234-1234-123456789009} = {8BC9CEB8-8B4A-11D0-8D11-00A0C91BC943}
		{A1234567-1234-1234-1234-123456789010} = {8BC9CEB8-8B4A-11D0-8D11-00A0C91BC943}
		{A1234567-1234-1234-1234-123456789011} = {8BC9CEB8-8B4A-11D0-8D11-00A0C91BC944}
		{406EDAEF-822A-4B25-9E03-79A097BD1A24} = {8BC9CEB8-8B4A-11D0-8D11-00A0C91BC942}
		{9909D537-A8E0-473D-A856-D5BDB7E6C6C5} = {8BC9CEB8-8B4A-11D0-8D11-00A0C91BC942}
		{94CB1213-CB29-3A86-1571-511A6D115058} = {8BC9CEB8-8B4A-11D0-8D11-00A0C91BC942}
	EndGlobalSection
	GlobalSection(ExtensibilityGlobals) = postSolution
		SolutionGuid = {AD4F33C8-6C8B-4DD3-A360-15FE6F16A440}
	EndGlobalSection
EndGlobal
